
Microsoft Visual Studio Solution File, Format Version 12.00
# Visual Studio Version 17
VisualStudioVersion = 17.7.34202.233
MinimumVisualStudioVersion = 10.0.40219.1
Project("{FAE04EC0-301F-11D3-BF4B-00C04F79EFBC}") = "HandleMonitor", "HandleMonitor\HandleMonitor.csproj", "{6FB787BC-51AF-40FB-AEDE-3889F7B74DFE}"
EndProject
Global
	GlobalSection(SolutionConfigurationPlatforms) = preSolution
		Debug|Any CPU = Debug|Any CPU
		Debug|x64 = Debug|x64
		Release|Any CPU = Release|Any CPU
		Release|x64 = Release|x64
	EndGlobalSection
	GlobalSection(ProjectConfigurationPlatforms) = postSolution
		{6FB787BC-51AF-40FB-AEDE-3889F7B74DFE}.Debug|Any CPU.ActiveCfg = Debug|Any CPU
		{6FB787BC-51AF-40FB-AEDE-3889F7B74DFE}.Debug|Any CPU.Build.0 = Debug|Any CPU
		{6FB787BC-51AF-40FB-AEDE-3889F7B74DFE}.Debug|x64.ActiveCfg = Debug|x64
		{6FB787BC-51AF-40FB-AEDE-3889F7B74DFE}.Debug|x64.Build.0 = Debug|x64
		{6FB787BC-51AF-40FB-AEDE-3889F7B74DFE}.Release|Any CPU.ActiveCfg = Release|Any CPU
		{6FB787BC-51AF-40FB-AEDE-3889F7B74DFE}.Release|Any CPU.Build.0 = Release|Any CPU
		{6FB787BC-51AF-40FB-AEDE-3889F7B74DFE}.Release|x64.ActiveCfg = Release|x64
		{6FB787BC-51AF-40FB-AEDE-3889F7B74DFE}.Release|x64.Build.0 = Release|x64
	EndGlobalSection
	GlobalSection(SolutionProperties) = preSolution
		HideSolutionNode = FALSE
	EndGlobalSection
	GlobalSection(ExtensibilityGlobals) = postSolution
		SolutionGuid = {E7369EF4-EEE8-4D52-842E-EC335DAA16E7}
	EndGlobalSection
EndGlobal
